// !$*UTF8*$!
{
	archiveVersion = 1;
	classes = {
	};
	objectVersion = 50;
	objects = {

/* Begin PBXBuildFile section */
		9C508E0A254345F600A89A16 /* AppDelegate.swift in Sources */ = {isa = PBXBuildFile; fileRef = 9C508E09254345F600A89A16 /* AppDelegate.swift */; };
		9C508E0C254345F600A89A16 /* SceneDelegate.swift in Sources */ = {isa = PBXBuildFile; fileRef = 9C508E0B254345F600A89A16 /* SceneDelegate.swift */; };
		9C508E0E254345F600A89A16 /* ViewController.swift in Sources */ = {isa = PBXBuildFile; fileRef = 9C508E0D254345F600A89A16 /* ViewController.swift */; };
		9C508E11254345F600A89A16 /* Main.storyboard in Resources */ = {isa = PBXBuildFile; fileRef = 9C508E0F254345F600A89A16 /* Main.storyboard */; };
		9C508E13254345F800A89A16 /* Assets.xcassets in Resources */ = {isa = PBXBuildFile; fileRef = 9C508E12254345F800A89A16 /* Assets.xcassets */; };
		9C508E16254345F800A89A16 /* LaunchScreen.storyboard in Resources */ = {isa = PBXBuildFile; fileRef = 9C508E14254345F800A89A16 /* LaunchScreen.storyboard */; };
		9C508E21254345F800A89A16 /* OpenMovieDataBaseTests.swift in Sources */ = {isa = PBXBuildFile; fileRef = 9C508E20254345F800A89A16 /* OpenMovieDataBaseTests.swift */; };
		9C508E2C254345F800A89A16 /* OpenMovieDataBaseUITests.swift in Sources */ = {isa = PBXBuildFile; fileRef = 9C508E2B254345F800A89A16 /* OpenMovieDataBaseUITests.swift */; };
		9C591F1E254430B40041D7E1 /* NetworkUtil.swift in Sources */ = {isa = PBXBuildFile; fileRef = 9C591F1D254430B40041D7E1 /* NetworkUtil.swift */; };
		9C591F24254433E10041D7E1 /* MovieModel.swift in Sources */ = {isa = PBXBuildFile; fileRef = 9C591F23254433E10041D7E1 /* MovieModel.swift */; };
		9C591F2A25445D460041D7E1 /* MovieCollectionCell.swift in Sources */ = {isa = PBXBuildFile; fileRef = 9C591F2925445D460041D7E1 /* MovieCollectionCell.swift */; };
/* End PBXBuildFile section */

/* Begin PBXContainerItemProxy section */
		9C508E1D254345F800A89A16 /* PBXContainerItemProxy */ = {
			isa = PBXContainerItemProxy;
			containerPortal = 9C508DFE254345F600A89A16 /* Project object */;
			proxyType = 1;
			remoteGlobalIDString = 9C508E05254345F600A89A16;
			remoteInfo = OpenMovieDatBaase;
		};
		9C508E28254345F800A89A16 /* PBXContainerItemProxy */ = {
			isa = PBXContainerItemProxy;
			containerPortal = 9C508DFE254345F600A89A16 /* Project object */;
			proxyType = 1;
			remoteGlobalIDString = 9C508E05254345F600A89A16;
			remoteInfo = OpenMovieDatBaase;
		};
/* End PBXContainerItemProxy section */

/* Begin PBXFileReference section */
		9C508E06254345F600A89A16 /* OpenMovieDataBase.app */ = {isa = PBXFileReference; explicitFileType = wrapper.application; includeInIndex = 0; path = OpenMovieDataBase.app; sourceTree = BUILT_PRODUCTS_DIR; };
		9C508E09254345F600A89A16 /* AppDelegate.swift */ = {isa = PBXFileReference; lastKnownFileType = sourcecode.swift; path = AppDelegate.swift; sourceTree = "<group>"; };
		9C508E0B254345F600A89A16 /* SceneDelegate.swift */ = {isa = PBXFileReference; lastKnownFileType = sourcecode.swift; path = SceneDelegate.swift; sourceTree = "<group>"; };
		9C508E0D254345F600A89A16 /* ViewController.swift */ = {isa = PBXFileReference; lastKnownFileType = sourcecode.swift; path = ViewController.swift; sourceTree = "<group>"; };
		9C508E10254345F600A89A16 /* Base */ = {isa = PBXFileReference; lastKnownFileType = file.storyboard; name = Base; path = Base.lproj/Main.storyboard; sourceTree = "<group>"; };
		9C508E12254345F800A89A16 /* Assets.xcassets */ = {isa = PBXFileReference; lastKnownFileType = folder.assetcatalog; path = Assets.xcassets; sourceTree = "<group>"; };
		9C508E15254345F800A89A16 /* Base */ = {isa = PBXFileReference; lastKnownFileType = file.storyboard; name = Base; path = Base.lproj/LaunchScreen.storyboard; sourceTree = "<group>"; };
		9C508E17254345F800A89A16 /* Info.plist */ = {isa = PBXFileReference; lastKnownFileType = text.plist.xml; path = Info.plist; sourceTree = "<group>"; };
		9C508E1C254345F800A89A16 /* OpenMovieDataBaseTests.xctest */ = {isa = PBXFileReference; explicitFileType = wrapper.cfbundle; includeInIndex = 0; path = OpenMovieDataBaseTests.xctest; sourceTree = BUILT_PRODUCTS_DIR; };
		9C508E20254345F800A89A16 /* OpenMovieDataBaseTests.swift */ = {isa = PBXFileReference; lastKnownFileType = sourcecode.swift; path = OpenMovieDataBaseTests.swift; sourceTree = "<group>"; };
		9C508E22254345F800A89A16 /* Info.plist */ = {isa = PBXFileReference; lastKnownFileType = text.plist.xml; path = Info.plist; sourceTree = "<group>"; };
		9C508E27254345F800A89A16 /* OpenMovieDataBaseUITests.xctest */ = {isa = PBXFileReference; explicitFileType = wrapper.cfbundle; includeInIndex = 0; path = OpenMovieDataBaseUITests.xctest; sourceTree = BUILT_PRODUCTS_DIR; };
		9C508E2B254345F800A89A16 /* OpenMovieDataBaseUITests.swift */ = {isa = PBXFileReference; lastKnownFileType = sourcecode.swift; path = OpenMovieDataBaseUITests.swift; sourceTree = "<group>"; };
		9C508E2D254345F800A89A16 /* Info.plist */ = {isa = PBXFileReference; lastKnownFileType = text.plist.xml; path = Info.plist; sourceTree = "<group>"; };
		9C591F1D254430B40041D7E1 /* NetworkUtil.swift */ = {isa = PBXFileReference; fileEncoding = 4; lastKnownFileType = sourcecode.swift; path = NetworkUtil.swift; sourceTree = "<group>"; };
		9C591F23254433E10041D7E1 /* MovieModel.swift */ = {isa = PBXFileReference; fileEncoding = 4; lastKnownFileType = sourcecode.swift; path = MovieModel.swift; sourceTree = "<group>"; };
		9C591F2925445D460041D7E1 /* MovieCollectionCell.swift */ = {isa = PBXFileReference; fileEncoding = 4; lastKnownFileType = sourcecode.swift; path = MovieCollectionCell.swift; sourceTree = "<group>"; };
/* End PBXFileReference section */

/* Begin PBXFrameworksBuildPhase section */
		9C508E03254345F600A89A16 /* Frameworks */ = {
			isa = PBXFrameworksBuildPhase;
			buildActionMask = 2147483647;
			files = (
			);
			runOnlyForDeploymentPostprocessing = 0;
		};
		9C508E19254345F800A89A16 /* Frameworks */ = {
			isa = PBXFrameworksBuildPhase;
			buildActionMask = 2147483647;
			files = (
			);
			runOnlyForDeploymentPostprocessing = 0;
		};
		9C508E24254345F800A89A16 /* Frameworks */ = {
			isa = PBXFrameworksBuildPhase;
			buildActionMask = 2147483647;
			files = (
			);
			runOnlyForDeploymentPostprocessing = 0;
		};
/* End PBXFrameworksBuildPhase section */

/* Begin PBXGroup section */
		9C508DFD254345F600A89A16 = {
			isa = PBXGroup;
			children = (
				9C508E08254345F600A89A16 /* OpenMovieDataBase */,
				9C508E1F254345F800A89A16 /* OpenMovieDataBaseTests */,
				9C508E2A254345F800A89A16 /* OpenMovieDataBaseUITests */,
				9C508E07254345F600A89A16 /* Products */,
			);
			sourceTree = "<group>";
		};
		9C508E07254345F600A89A16 /* Products */ = {
			isa = PBXGroup;
			children = (
				9C508E06254345F600A89A16 /* OpenMovieDataBase.app */,
				9C508E1C254345F800A89A16 /* OpenMovieDataBaseTests.xctest */,
				9C508E27254345F800A89A16 /* OpenMovieDataBaseUITests.xctest */,
			);
			name = Products;
			sourceTree = "<group>";
		};
		9C508E08254345F600A89A16 /* OpenMovieDataBase */ = {
			isa = PBXGroup;
			children = (
				9C591F2825445C820041D7E1 /* View */,
				9C591F222544337C0041D7E1 /* Models */,
				9C591F1C254430000041D7E1 /* Utils */,
				9C508E09254345F600A89A16 /* AppDelegate.swift */,
				9C508E0B254345F600A89A16 /* SceneDelegate.swift */,
				9C508E0D254345F600A89A16 /* ViewController.swift */,
				9C508E0F254345F600A89A16 /* Main.storyboard */,
				9C508E12254345F800A89A16 /* Assets.xcassets */,
				9C508E14254345F800A89A16 /* LaunchScreen.storyboard */,
				9C508E17254345F800A89A16 /* Info.plist */,
			);
			path = OpenMovieDataBase;
			sourceTree = "<group>";
		};
		9C508E1F254345F800A89A16 /* OpenMovieDataBaseTests */ = {
			isa = PBXGroup;
			children = (
				9C508E20254345F800A89A16 /* OpenMovieDataBaseTests.swift */,
				9C508E22254345F800A89A16 /* Info.plist */,
			);
			path = OpenMovieDataBaseTests;
			sourceTree = "<group>";
		};
		9C508E2A254345F800A89A16 /* OpenMovieDataBaseUITests */ = {
			isa = PBXGroup;
			children = (
				9C508E2B254345F800A89A16 /* OpenMovieDataBaseUITests.swift */,
				9C508E2D254345F800A89A16 /* Info.plist */,
			);
			path = OpenMovieDataBaseUITests;
			sourceTree = "<group>";
		};
		9C591F1C254430000041D7E1 /* Utils */ = {
			isa = PBXGroup;
			children = (
				9C591F1D254430B40041D7E1 /* NetworkUtil.swift */,
			);
			path = Utils;
			sourceTree = "<group>";
		};
		9C591F222544337C0041D7E1 /* Models */ = {
			isa = PBXGroup;
			children = (
				9C591F23254433E10041D7E1 /* MovieModel.swift */,
			);
			path = Models;
			sourceTree = "<group>";
		};
		9C591F2825445C820041D7E1 /* View */ = {
			isa = PBXGroup;
			children = (
				9C591F2925445D460041D7E1 /* MovieCollectionCell.swift */,
			);
			path = View;
			sourceTree = "<group>";
		};
/* End PBXGroup section */

/* Begin PBXNativeTarget section */
		9C508E05254345F600A89A16 /* OpenMovieDataBase */ = {
			isa = PBXNativeTarget;
			buildConfigurationList = 9C508E30254345F800A89A16 /* Build configuration list for PBXNativeTarget "OpenMovieDataBase" */;
			buildPhases = (
				9C508E02254345F600A89A16 /* Sources */,
				9C508E03254345F600A89A16 /* Frameworks */,
				9C508E04254345F600A89A16 /* Resources */,
			);
			buildRules = (
			);
			dependencies = (
			);
			name = OpenMovieDataBase;
			productName = OpenMovieDatBaase;
			productReference = 9C508E06254345F600A89A16 /* OpenMovieDataBase.app */;
			productType = "com.apple.product-type.application";
		};
		9C508E1B254345F800A89A16 /* OpenMovieDataBaseTests */ = {
			isa = PBXNativeTarget;
			buildConfigurationList = 9C508E33254345F800A89A16 /* Build configuration list for PBXNativeTarget "OpenMovieDataBaseTests" */;
			buildPhases = (
				9C508E18254345F800A89A16 /* Sources */,
				9C508E19254345F800A89A16 /* Frameworks */,
				9C508E1A254345F800A89A16 /* Resources */,
			);
			buildRules = (
			);
			dependencies = (
				9C508E1E254345F800A89A16 /* PBXTargetDependency */,
			);
			name = OpenMovieDataBaseTests;
			productName = OpenMovieDatBaaseTests;
			productReference = 9C508E1C254345F800A89A16 /* OpenMovieDataBaseTests.xctest */;
			productType = "com.apple.product-type.bundle.unit-test";
		};
		9C508E26254345F800A89A16 /* OpenMovieDataBaseUITests */ = {
			isa = PBXNativeTarget;
			buildConfigurationList = 9C508E36254345F800A89A16 /* Build configuration list for PBXNativeTarget "OpenMovieDataBaseUITests" */;
			buildPhases = (
				9C508E23254345F800A89A16 /* Sources */,
				9C508E24254345F800A89A16 /* Frameworks */,
				9C508E25254345F800A89A16 /* Resources */,
			);
			buildRules = (
			);
			dependencies = (
				9C508E29254345F800A89A16 /* PBXTargetDependency */,
			);
			name = OpenMovieDataBaseUITests;
			productName = OpenMovieDatBaaseUITests;
			productReference = 9C508E27254345F800A89A16 /* OpenMovieDataBaseUITests.xctest */;
			productType = "com.apple.product-type.bundle.ui-testing";
		};
/* End PBXNativeTarget section */

/* Begin PBXProject section */
		9C508DFE254345F600A89A16 /* Project object */ = {
			isa = PBXProject;
			attributes = {
				LastSwiftUpdateCheck = 1210;
				LastUpgradeCheck = 1210;
				TargetAttributes = {
					9C508E05254345F600A89A16 = {
						CreatedOnToolsVersion = 12.1;
					};
					9C508E1B254345F800A89A16 = {
						CreatedOnToolsVersion = 12.1;
						TestTargetID = 9C508E05254345F600A89A16;
					};
					9C508E26254345F800A89A16 = {
						CreatedOnToolsVersion = 12.1;
						TestTargetID = 9C508E05254345F600A89A16;
					};
				};
			};
			buildConfigurationList = 9C508E01254345F600A89A16 /* Build configuration list for PBXProject "OpenMovieDataBase" */;
			compatibilityVersion = "Xcode 9.3";
			developmentRegion = en;
			hasScannedForEncodings = 0;
			knownRegions = (
				en,
				Base,
			);
			mainGroup = 9C508DFD254345F600A89A16;
			productRefGroup = 9C508E07254345F600A89A16 /* Products */;
			projectDirPath = "";
			projectRoot = "";
			targets = (
				9C508E05254345F600A89A16 /* OpenMovieDataBase */,
				9C508E1B254345F800A89A16 /* OpenMovieDataBaseTests */,
				9C508E26254345F800A89A16 /* OpenMovieDataBaseUITests */,
			);
		};
/* End PBXProject section */

/* Begin PBXResourcesBuildPhase section */
		9C508E04254345F600A89A16 /* Resources */ = {
			isa = PBXResourcesBuildPhase;
			buildActionMask = 2147483647;
			files = (
				9C508E16254345F800A89A16 /* LaunchScreen.storyboard in Resources */,
				9C508E13254345F800A89A16 /* Assets.xcassets in Resources */,
				9C508E11254345F600A89A16 /* Main.storyboard in Resources */,
			);
			runOnlyForDeploymentPostprocessing = 0;
		};
		9C508E1A254345F800A89A16 /* Resources */ = {
			isa = PBXResourcesBuildPhase;
			buildActionMask = 2147483647;
			files = (
			);
			runOnlyForDeploymentPostprocessing = 0;
		};
		9C508E25254345F800A89A16 /* Resources */ = {
			isa = PBXResourcesBuildPhase;
			buildActionMask = 2147483647;
			files = (
			);
			runOnlyForDeploymentPostprocessing = 0;
		};
/* End PBXResourcesBuildPhase section */

/* Begin PBXSourcesBuildPhase section */
		9C508E02254345F600A89A16 /* Sources */ = {
			isa = PBXSourcesBuildPhase;
			buildActionMask = 2147483647;
			files = (
				9C591F2A25445D460041D7E1 /* MovieCollectionCell.swift in Sources */,
				9C591F1E254430B40041D7E1 /* NetworkUtil.swift in Sources */,
				9C508E0E254345F600A89A16 /* ViewController.swift in Sources */,
				9C591F24254433E10041D7E1 /* MovieModel.swift in Sources */,
				9C508E0A254345F600A89A16 /* AppDelegate.swift in Sources */,
				9C508E0C254345F600A89A16 /* SceneDelegate.swift in Sources */,
			);
			runOnlyForDeploymentPostprocessing = 0;
		};
		9C508E18254345F800A89A16 /* Sources */ = {
			isa = PBXSourcesBuildPhase;
			buildActionMask = 2147483647;
			files = (
				9C508E21254345F800A89A16 /* OpenMovieDataBaseTests.swift in Sources */,
			);
			runOnlyForDeploymentPostprocessing = 0;
		};
		9C508E23254345F800A89A16 /* Sources */ = {
			isa = PBXSourcesBuildPhase;
			buildActionMask = 2147483647;
			files = (
				9C508E2C254345F800A89A16 /* OpenMovieDataBaseUITests.swift in Sources */,
			);
			runOnlyForDeploymentPostprocessing = 0;
		};
/* End PBXSourcesBuildPhase section */

/* Begin PBXTargetDependency section */
		9C508E1E254345F800A89A16 /* PBXTargetDependency */ = {
			isa = PBXTargetDependency;
			target = 9C508E05254345F600A89A16 /* OpenMovieDataBase */;
			targetProxy = 9C508E1D254345F800A89A16 /* PBXContainerItemProxy */;
		};
		9C508E29254345F800A89A16 /* PBXTargetDependency */ = {
			isa = PBXTargetDependency;
			target = 9C508E05254345F600A89A16 /* OpenMovieDataBase */;
			targetProxy = 9C508E28254345F800A89A16 /* PBXContainerItemProxy */;
		};
/* End PBXTargetDependency section */

/* Begin PBXVariantGroup section */
		9C508E0F254345F600A89A16 /* Main.storyboard */ = {
			isa = PBXVariantGroup;
			children = (
				9C508E10254345F600A89A16 /* Base */,
			);
			name = Main.storyboard;
			sourceTree = "<group>";
		};
		9C508E14254345F800A89A16 /* LaunchScreen.storyboard */ = {
			isa = PBXVariantGroup;
			children = (
				9C508E15254345F800A89A16 /* Base */,
			);
			name = LaunchScreen.storyboard;
			sourceTree = "<group>";
		};
/* End PBXVariantGroup section */

/* Begin XCBuildConfiguration section */
		9C508E2E254345F800A89A16 /* Debug */ = {
			isa = XCBuildConfiguration;
			buildSettings = {
				ALWAYS_SEARCH_USER_PATHS = NO;
				CLANG_ANALYZER_NONNULL = YES;
				CLANG_ANALYZER_NUMBER_OBJECT_CONVERSION = YES_AGGRESSIVE;
				CLANG_CXX_LANGUAGE_STANDARD = "gnu++14";
				CLANG_CXX_LIBRARY = "libc++";
				CLANG_ENABLE_MODULES = YES;
				CLANG_ENABLE_OBJC_ARC = YES;
				CLANG_ENABLE_OBJC_WEAK = YES;
				CLANG_WARN_BLOCK_CAPTURE_AUTORELEASING = YES;
				CLANG_WARN_BOOL_CONVERSION = YES;
				CLANG_WARN_COMMA = YES;
				CLANG_WARN_CONSTANT_CONVERSION = YES;
				CLANG_WARN_DEPRECATED_OBJC_IMPLEMENTATIONS = YES;
				CLANG_WARN_DIRECT_OBJC_ISA_USAGE = YES_ERROR;
				CLANG_WARN_DOCUMENTATION_COMMENTS = YES;
				CLANG_WARN_EMPTY_BODY = YES;
				CLANG_WARN_ENUM_CONVERSION = YES;
				CLANG_WARN_INFINITE_RECURSION = YES;
				CLANG_WARN_INT_CONVERSION = YES;
				CLANG_WARN_NON_LITERAL_NULL_CONVERSION = YES;
				CLANG_WARN_OBJC_IMPLICIT_RETAIN_SELF = YES;
				CLANG_WARN_OBJC_LITERAL_CONVERSION = YES;
				CLANG_WARN_OBJC_ROOT_CLASS = YES_ERROR;
				CLANG_WARN_QUOTED_INCLUDE_IN_FRAMEWORK_HEADER = YES;
				CLANG_WARN_RANGE_LOOP_ANALYSIS = YES;
				CLANG_WARN_STRICT_PROTOTYPES = YES;
				CLANG_WARN_SUSPICIOUS_MOVE = YES;
				CLANG_WARN_UNGUARDED_AVAILABILITY = YES_AGGRESSIVE;
				CLANG_WARN_UNREACHABLE_CODE = YES;
				CLANG_WARN__DUPLICATE_METHOD_MATCH = YES;
				COPY_PHASE_STRIP = NO;
				DEBUG_INFORMATION_FORMAT = dwarf;
				ENABLE_STRICT_OBJC_MSGSEND = YES;
				ENABLE_TESTABILITY = YES;
				GCC_C_LANGUAGE_STANDARD = gnu11;
				GCC_DYNAMIC_NO_PIC = NO;
				GCC_NO_COMMON_BLOCKS = YES;
				GCC_OPTIMIZATION_LEVEL = 0;
				GCC_PREPROCESSOR_DEFINITIONS = (
					"DEBUG=1",
					"$(inherited)",
				);
				GCC_WARN_64_TO_32_BIT_CONVERSION = YES;
				GCC_WARN_ABOUT_RETURN_TYPE = YES_ERROR;
				GCC_WARN_UNDECLARED_SELECTOR = YES;
				GCC_WARN_UNINITIALIZED_AUTOS = YES_AGGRESSIVE;
				GCC_WARN_UNUSED_FUNCTION = YES;
				GCC_WARN_UNUSED_VARIABLE = YES;
				IPHONEOS_DEPLOYMENT_TARGET = 14.1;
				MTL_ENABLE_DEBUG_INFO = INCLUDE_SOURCE;
				MTL_FAST_MATH = YES;
				ONLY_ACTIVE_ARCH = YES;
				SDKROOT = iphoneos;
				SWIFT_ACTIVE_COMPILATION_CONDITIONS = DEBUG;
				SWIFT_OPTIMIZATION_LEVEL = "-Onone";
			};
			name = Debug;
		};
		9C508E2F254345F800A89A16 /* Release */ = {
			isa = XCBuildConfiguration;
			buildSettings = {
				ALWAYS_SEARCH_USER_PATHS = NO;
				CLANG_ANALYZER_NONNULL = YES;
				CLANG_ANALYZER_NUMBER_OBJECT_CONVERSION = YES_AGGRESSIVE;
				CLANG_CXX_LANGUAGE_STANDARD = "gnu++14";
				CLANG_CXX_LIBRARY = "libc++";
				CLANG_ENABLE_MODULES = YES;
				CLANG_ENABLE_OBJC_ARC = YES;
				CLANG_ENABLE_OBJC_WEAK = YES;
				CLANG_WARN_BLOCK_CAPTURE_AUTORELEASING = YES;
				CLANG_WARN_BOOL_CONVERSION = YES;
				CLANG_WARN_COMMA = YES;
				CLANG_WARN_CONSTANT_CONVERSION = YES;
				CLANG_WARN_DEPRECATED_OBJC_IMPLEMENTATIONS = YES;
				CLANG_WARN_DIRECT_OBJC_ISA_USAGE = YES_ERROR;
				CLANG_WARN_DOCUMENTATION_COMMENTS = YES;
				CLANG_WARN_EMPTY_BODY = YES;
				CLANG_WARN_ENUM_CONVERSION = YES;
				CLANG_WARN_INFINITE_RECURSION = YES;
				CLANG_WARN_INT_CONVERSION = YES;
				CLANG_WARN_NON_LITERAL_NULL_CONVERSION = YES;
				CLANG_WARN_OBJC_IMPLICIT_RETAIN_SELF = YES;
				CLANG_WARN_OBJC_LITERAL_CONVERSION = YES;
				CLANG_WARN_OBJC_ROOT_CLASS = YES_ERROR;
				CLANG_WARN_QUOTED_INCLUDE_IN_FRAMEWORK_HEADER = YES;
				CLANG_WARN_RANGE_LOOP_ANALYSIS = YES;
				CLANG_WARN_STRICT_PROTOTYPES = YES;
				CLANG_WARN_SUSPICIOUS_MOVE = YES;
				CLANG_WARN_UNGUARDED_AVAILABILITY = YES_AGGRESSIVE;
				CLANG_WARN_UNREACHABLE_CODE = YES;
				CLANG_WARN__DUPLICATE_METHOD_MATCH = YES;
				COPY_PHASE_STRIP = NO;
				DEBUG_INFORMATION_FORMAT = "dwarf-with-dsym";
				ENABLE_NS_ASSERTIONS = NO;
				ENABLE_STRICT_OBJC_MSGSEND = YES;
				GCC_C_LANGUAGE_STANDARD = gnu11;
				GCC_NO_COMMON_BLOCKS = YES;
				GCC_WARN_64_TO_32_BIT_CONVERSION = YES;
				GCC_WARN_ABOUT_RETURN_TYPE = YES_ERROR;
				GCC_WARN_UNDECLARED_SELECTOR = YES;
				GCC_WARN_UNINITIALIZED_AUTOS = YES_AGGRESSIVE;
				GCC_WARN_UNUSED_FUNCTION = YES;
				GCC_WARN_UNUSED_VARIABLE = YES;
				IPHONEOS_DEPLOYMENT_TARGET = 14.1;
				MTL_ENABLE_DEBUG_INFO = NO;
				MTL_FAST_MATH = YES;
				SDKROOT = iphoneos;
				SWIFT_COMPILATION_MODE = wholemodule;
				SWIFT_OPTIMIZATION_LEVEL = "-O";
				VALIDATE_PRODUCT = YES;
			};
			name = Release;
		};
		9C508E31254345F800A89A16 /* Debug */ = {
			isa = XCBuildConfiguration;
			buildSettings = {
				ASSETCATALOG_COMPILER_APPICON_NAME = AppIcon;
				ASSETCATALOG_COMPILER_GLOBAL_ACCENT_COLOR_NAME = AccentColor;
				CODE_SIGN_STYLE = Automatic;
				INFOPLIST_FILE = OpenMovieDataBase/Info.plist;
				LD_RUNPATH_SEARCH_PATHS = (
					"$(inherited)",
					"@executable_path/Frameworks",
				);
				PRODUCT_BUNDLE_IDENTIFIER = IdeaSoft.OpenMovieDataBase;
				PRODUCT_NAME = "$(TARGET_NAME)";
				SWIFT_VERSION = 5.0;
				TARGETED_DEVICE_FAMILY = "1,2";
			};
			name = Debug;
		};
		9C508E32254345F800A89A16 /* Release */ = {
			isa = XCBuildConfiguration;
			buildSettings = {
				ASSETCATALOG_COMPILER_APPICON_NAME = AppIcon;
				ASSETCATALOG_COMPILER_GLOBAL_ACCENT_COLOR_NAME = AccentColor;
				CODE_SIGN_STYLE = Automatic;
				INFOPLIST_FILE = OpenMovieDataBase/Info.plist;
				LD_RUNPATH_SEARCH_PATHS = (
					"$(inherited)",
					"@executable_path/Frameworks",
				);
				PRODUCT_BUNDLE_IDENTIFIER = IdeaSoft.OpenMovieDataBase;
				PRODUCT_NAME = "$(TARGET_NAME)";
				SWIFT_VERSION = 5.0;
				TARGETED_DEVICE_FAMILY = "1,2";
			};
			name = Release;
		};
		9C508E34254345F800A89A16 /* Debug */ = {
			isa = XCBuildConfiguration;
			buildSettings = {
				ALWAYS_EMBED_SWIFT_STANDARD_LIBRARIES = YES;
				BUNDLE_LOADER = "$(TEST_HOST)";
				CODE_SIGN_STYLE = Automatic;
				INFOPLIST_FILE = OpenMovieDataBaseTests/Info.plist;
				IPHONEOS_DEPLOYMENT_TARGET = 14.1;
				LD_RUNPATH_SEARCH_PATHS = (
					"$(inherited)",
					"@executable_path/Frameworks",
					"@loader_path/Frameworks",
				);
				PRODUCT_BUNDLE_IDENTIFIER = IdeaSoft.OpenMovieDatBaaseTests;
				PRODUCT_NAME = "$(TARGET_NAME)";
				SWIFT_VERSION = 5.0;
				TARGETED_DEVICE_FAMILY = "1,2";
				TEST_HOST = "$(BUILT_PRODUCTS_DIR)/OpenMovieDataBase.app/OpenMovieDataBase";
			};
			name = Debug;
		};
		9C508E35254345F800A89A16 /* Release */ = {
			isa = XCBuildConfiguration;
			buildSettings = {
				ALWAYS_EMBED_SWIFT_STANDARD_LIBRARIES = YES;
				BUNDLE_LOADER = "$(TEST_HOST)";
				CODE_SIGN_STYLE = Automatic;
				INFOPLIST_FILE = OpenMovieDataBaseTests/Info.plist;
				IPHONEOS_DEPLOYMENT_TARGET = 14.1;
				LD_RUNPATH_SEARCH_PATHS = (
					"$(inherited)",
					"@executable_path/Frameworks",
					"@loader_path/Frameworks",
				);
				PRODUCT_BUNDLE_IDENTIFIER = IdeaSoft.OpenMovieDatBaaseTests;
				PRODUCT_NAME = "$(TARGET_NAME)";
				SWIFT_VERSION = 5.0;
				TARGETED_DEVICE_FAMILY = "1,2";
				TEST_HOST = "$(BUILT_PRODUCTS_DIR)/OpenMovieDataBase.app/OpenMovieDataBase";
			};
			name = Release;
		};
		9C508E37254345F800A89A16 /* Debug */ = {
			isa = XCBuildConfiguration;
			buildSettings = {
				ALWAYS_EMBED_SWIFT_STANDARD_LIBRARIES = YES;
				CODE_SIGN_STYLE = Automatic;
				INFOPLIST_FILE = OpenMovieDataBaseUITests/Info.plist;
				LD_RUNPATH_SEARCH_PATHS = (
					"$(inherited)",
					"@executable_path/Frameworks",
					"@loader_path/Frameworks",
				);
				PRODUCT_BUNDLE_IDENTIFIER = IdeaSoft.OpenMovieDatBaaseUITests;
				PRODUCT_NAME = "$(TARGET_NAME)";
				SWIFT_VERSION = 5.0;
				TARGETED_DEVICE_FAMILY = "1,2";
				TEST_TARGET_NAME = OpenMovieDatBaase;
			};
			name = Debug;
		};
		9C508E38254345F800A89A16 /* Release */ = {
			isa = XCBuildConfiguration;
			buildSettings = {
				ALWAYS_EMBED_SWIFT_STANDARD_LIBRARIES = YES;
				CODE_SIGN_STYLE = Automatic;
				INFOPLIST_FILE = OpenMovieDataBaseUITests/Info.plist;
				LD_RUNPATH_SEARCH_PATHS = (
					"$(inherited)",
					"@executable_path/Frameworks",
					"@loader_path/Frameworks",
				);
				PRODUCT_BUNDLE_IDENTIFIER = IdeaSoft.OpenMovieDatBaaseUITests;
				PRODUCT_NAME = "$(TARGET_NAME)";
				SWIFT_VERSION = 5.0;
				TARGETED_DEVICE_FAMILY = "1,2";
				TEST_TARGET_NAME = OpenMovieDatBaase;
			};
			name = Release;
		};
/* End XCBuildConfiguration section */

/* Begin XCConfigurationList section */
		9C508E01254345F600A89A16 /* Build configuration list for PBXProject "OpenMovieDataBase" */ = {
			isa = XCConfigurationList;
			buildConfigurations = (
				9C508E2E254345F800A89A16 /* Debug */,
				9C508E2F254345F800A89A16 /* Release */,
			);
			defaultConfigurationIsVisible = 0;
			defaultConfigurationName = Release;
		};
		9C508E30254345F800A89A16 /* Build configuration list for PBXNativeTarget "OpenMovieDataBase" */ = {
			isa = XCConfigurationList;
			buildConfigurations = (
				9C508E31254345F800A89A16 /* Debug */,
				9C508E32254345F800A89A16 /* Release */,
			);
			defaultConfigurationIsVisible = 0;
			defaultConfigurationName = Release;
		};
		9C508E33254345F800A89A16 /* Build configuration list for PBXNativeTarget "OpenMovieDataBaseTests" */ = {
			isa = XCConfigurationList;
			buildConfigurations = (
				9C508E34254345F800A89A16 /* Debug */,
				9C508E35254345F800A89A16 /* Release */,
			);
			defaultConfigurationIsVisible = 0;
			defaultConfigurationName = Release;
		};
		9C508E36254345F800A89A16 /* Build configuration list for PBXNativeTarget "OpenMovieDataBaseUITests" */ = {
			isa = XCConfigurationList;
			buildConfigurations = (
				9C508E37254345F800A89A16 /* Debug */,
				9C508E38254345F800A89A16 /* Release */,
			);
			defaultConfigurationIsVisible = 0;
			defaultConfigurationName = Release;
		};
/* End XCConfigurationList section */
	};
	rootObject = 9C508DFE254345F600A89A16 /* Project object */;
}
